
Microsoft Visual Studio Solution File, Format Version 12.00
# Visual Studio Version 17
VisualStudioVersion = 17.3.32825.248
MinimumVisualStudioVersion = 10.0.40219.1
Project("{FAE04EC0-301F-11D3-BF4B-00C04F79EFBC}") = "NugetTourse4", "NugetTourse4\NugetTourse4.csproj", "{149CA040-5D03-4629-BACB-E64C56845C61}"
EndProject
Project("{FAE04EC0-301F-11D3-BF4B-00C04F79EFBC}") = "Tourse4Story", "Tourse4Story\Tourse4Story.csproj", "{0CE3A3A0-327A-4D72-ADA1-C8BD00BB6164}"
EndProject
Global
	GlobalSection(SolutionConfigurationPlatforms) = preSolution
		Debug|Any CPU = Debug|Any CPU
		Release|Any CPU = Release|Any CPU
	EndGlobalSection
	GlobalSection(ProjectConfigurationPlatforms) = postSolution
		{149CA040-5D03-4629-BACB-E64C56845C61}.Debug|Any CPU.ActiveCfg = Debug|Any CPU
		{149CA040-5D03-4629-BACB-E64C56845C61}.Debug|Any CPU.Build.0 = Debug|Any CPU
		{149CA040-5D03-4629-BACB-E64C56845C61}.Release|Any CPU.ActiveCfg = Release|Any CPU
		{149CA040-5D03-4629-BACB-E64C56845C61}.Release|Any CPU.Build.0 = Release|Any CPU
		{0CE3A3A0-327A-4D72-ADA1-C8BD00BB6164}.Debug|Any CPU.ActiveCfg = Debug|Any CPU
		{0CE3A3A0-327A-4D72-ADA1-C8BD00BB6164}.Debug|Any CPU.Build.0 = Debug|Any CPU
		{0CE3A3A0-327A-4D72-ADA1-C8BD00BB6164}.Release|Any CPU.ActiveCfg = Release|Any CPU
		{0CE3A3A0-327A-4D72-ADA1-C8BD00BB6164}.Release|Any CPU.Build.0 = Release|Any CPU
	EndGlobalSection
	GlobalSection(SolutionProperties) = preSolution
		HideSolutionNode = FALSE
	EndGlobalSection
	GlobalSection(ExtensibilityGlobals) = postSolution
		SolutionGuid = {B32C04DE-5546-45E7-851B-A7F4B5301E66}
	EndGlobalSection
EndGlobal
